
Microsoft Visual Studio Solution File, Format Version 12.00
# Visual Studio 16
Project("{FAE04EC0-301F-11D3-BF4B-00C04F79EFBC}") = "Assembly-CSharp", "Assembly-CSharp.csproj", "{5F601E14-C849-B7CB-1DB8-576C2C170523}"
EndProject
Project("{FAE04EC0-301F-11D3-BF4B-00C04F79EFBC}") = "Assembly-CSharp-Editor", "Assembly-CSharp-Editor.csproj", "{5DCE599B-0DF5-5C56-109D-B46765418853}"
EndProject
Global
	GlobalSection(SolutionConfigurationPlatforms) = preSolution
		Debug|Any CPU = Debug|Any CPU
		Release|Any CPU = Release|Any CPU
	EndGlobalSection
	GlobalSection(ProjectConfigurationPlatforms) = postSolution
		{5F601E14-C849-B7CB-1DB8-576C2C170523}.Debug|Any CPU.ActiveCfg = Debug|Any CPU
		{5F601E14-C849-B7CB-1DB8-576C2C170523}.Debug|Any CPU.Build.0 = Debug|Any CPU
		{5F601E14-C849-B7CB-1DB8-576C2C170523}.Release|Any CPU.ActiveCfg = Release|Any CPU
		{5F601E14-C849-B7CB-1DB8-576C2C170523}.Release|Any CPU.Build.0 = Release|Any CPU
		{5DCE599B-0DF5-5C56-109D-B46765418853}.Debug|Any CPU.ActiveCfg = Debug|Any CPU
		{5DCE599B-0DF5-5C56-109D-B46765418853}.Debug|Any CPU.Build.0 = Debug|Any CPU
		{5DCE599B-0DF5-5C56-109D-B46765418853}.Release|Any CPU.ActiveCfg = Release|Any CPU
		{5DCE599B-0DF5-5C56-109D-B46765418853}.Release|Any CPU.Build.0 = Release|Any CPU
	EndGlobalSection
	GlobalSection(SolutionProperties) = preSolution
		HideSolutionNode = FALSE
	EndGlobalSection
EndGlobal
